
Microsoft Visual Studio Solution File, Format Version 12.00
# Visual Studio 15
VisualStudioVersion = 15.0.27004.2006
MinimumVisualStudioVersion = 10.0.40219.1
Project("{2150E333-8FDC-42A3-9474-1A3956D46DE8}") = "src", "src", "{6E1EE1A1-E92D-4443-AF62-10119A2B6AB3}"
EndProject
Project("{2150E333-8FDC-42A3-9474-1A3956D46DE8}") = "Solution Items", "Solution Items", "{FF2F3AC5-8313-4B9F-813E-930BDF069128}"
EndProject
Project("{2150E333-8FDC-42A3-9474-1A3956D46DE8}") = "VNEXT", "VNEXT", "{76E1091D-6229-4E92-ADC8-F8F94D5F4FA1}"
EndProject
Project("{2150E333-8FDC-42A3-9474-1A3956D46DE8}") = "2.DDD", "2.DDD", "{A063DFBC-DD6C-4196-B595-63666FA34BA9}"
EndProject
Project("{2150E333-8FDC-42A3-9474-1A3956D46DE8}") = "1.Core", "1.Core", "{6C7D1130-315A-412C-B4EC-88835E4D51C7}"
EndProject
Project("{2150E333-8FDC-42A3-9474-1A3956D46DE8}") = "3.App", "3.App", "{28F98A7A-49BA-4399-A040-C45C439A790E}"
EndProject
Project("{2150E333-8FDC-42A3-9474-1A3956D46DE8}") = "4.Vue", "4.Vue", "{6D4BC6AC-0120-470C-B6A9-7AB43717092D}"
EndProject
Project("{9A19103F-16F7-4668-BE54-9A1E7A4F7556}") = "Dora.Infrastructure", "src\VNEXT\Dora.Infrastructure\Dora.Infrastructure.csproj", "{1D8D9729-A4BC-4F65-985D-0BDEB07AD90D}"
EndProject
Project("{9A19103F-16F7-4668-BE54-9A1E7A4F7556}") = "Dora.Domain", "src\VNEXT\Dora.Domain\Dora.Domain.csproj", "{B99068E1-8995-4125-AD63-D2DE5E70255D}"
EndProject
Project("{9A19103F-16F7-4668-BE54-9A1E7A4F7556}") = "Dora.Repositorys", "src\VNEXT\Dora.Repositorys\Dora.Repositorys.csproj", "{75F0E2B9-B80B-4BE9-A8A5-E004B84DEAC6}"
EndProject
Project("{9A19103F-16F7-4668-BE54-9A1E7A4F7556}") = "Dora.Services", "src\VNEXT\Dora.Services\Dora.Services.csproj", "{D4B797E6-7022-46B5-BD7C-AC4261946659}"
EndProject
Project("{9A19103F-16F7-4668-BE54-9A1E7A4F7556}") = "Dora.Database", "src\VNEXT\Dora.Database\Dora.Database.csproj", "{72E4A061-CE7B-4DD3-AE07-5C564C95B7FA}"
EndProject
Project("{9A19103F-16F7-4668-BE54-9A1E7A4F7556}") = "Dora.Core", "src\VNEXT\Dora.Core\Dora.Core.csproj", "{87720C0C-405E-4E2F-A87C-F8F187FAFA1E}"
EndProject
Project("{9A19103F-16F7-4668-BE54-9A1E7A4F7556}") = "Dora.ViewModels", "src\VNEXT\Dora.ViewModels\Dora.ViewModels.csproj", "{45D0EA0C-0321-44FA-A71C-AD8981B2D195}"
EndProject
Project("{9A19103F-16F7-4668-BE54-9A1E7A4F7556}") = "Dora.Weixin", "src\VNEXT\Dora.Weixin\Dora.Weixin.csproj", "{EF78C6EA-1B96-4690-9CD8-8710BADB2137}"
EndProject
Project("{9A19103F-16F7-4668-BE54-9A1E7A4F7556}") = "Dora.Weixin.MP", "src\VNEXT\Dora.Weixin.MP\Dora.Weixin.MP.csproj", "{AA34297E-7BC3-4FAF-9D9D-873B1E727E3B}"
EndProject
Project("{9A19103F-16F7-4668-BE54-9A1E7A4F7556}") = "Dora.Utilities", "src\VNEXT\Dora.Utilities\Dora.Utilities.csproj", "{E516B493-47F6-4886-8F61-ADDEBD181E0B}"
EndProject
Project("{9A19103F-16F7-4668-BE54-9A1E7A4F7556}") = "Dora.Helpers", "src\VNEXT\Dora.Helpers\Dora.Helpers.csproj", "{CA0C586E-93F9-4451-8A1D-D7596CAE9CF8}"
EndProject
Project("{9A19103F-16F7-4668-BE54-9A1E7A4F7556}") = "Dora.wx", "src\VNEXT\Dora.wx\Dora.wx.csproj", "{50457F05-B2E5-4238-B1D3-E1A76BCE5D4B}"
EndProject
Project("{9A19103F-16F7-4668-BE54-9A1E7A4F7556}") = "Dora.School", "src\VNEXT\Dora.School\Dora.School.csproj", "{657DC06F-946C-443E-ABA5-EE22F44211B6}"
EndProject
Global
	GlobalSection(SolutionConfigurationPlatforms) = preSolution
		Debug|Any CPU = Debug|Any CPU
		Release|Any CPU = Release|Any CPU
	EndGlobalSection
	GlobalSection(ProjectConfigurationPlatforms) = postSolution
		{1D8D9729-A4BC-4F65-985D-0BDEB07AD90D}.Debug|Any CPU.ActiveCfg = Debug|Any CPU
		{1D8D9729-A4BC-4F65-985D-0BDEB07AD90D}.Debug|Any CPU.Build.0 = Debug|Any CPU
		{1D8D9729-A4BC-4F65-985D-0BDEB07AD90D}.Release|Any CPU.ActiveCfg = Release|Any CPU
		{1D8D9729-A4BC-4F65-985D-0BDEB07AD90D}.Release|Any CPU.Build.0 = Release|Any CPU
		{B99068E1-8995-4125-AD63-D2DE5E70255D}.Debug|Any CPU.ActiveCfg = Debug|Any CPU
		{B99068E1-8995-4125-AD63-D2DE5E70255D}.Debug|Any CPU.Build.0 = Debug|Any CPU
		{B99068E1-8995-4125-AD63-D2DE5E70255D}.Release|Any CPU.ActiveCfg = Release|Any CPU
		{B99068E1-8995-4125-AD63-D2DE5E70255D}.Release|Any CPU.Build.0 = Release|Any CPU
		{75F0E2B9-B80B-4BE9-A8A5-E004B84DEAC6}.Debug|Any CPU.ActiveCfg = Debug|Any CPU
		{75F0E2B9-B80B-4BE9-A8A5-E004B84DEAC6}.Debug|Any CPU.Build.0 = Debug|Any CPU
		{75F0E2B9-B80B-4BE9-A8A5-E004B84DEAC6}.Release|Any CPU.ActiveCfg = Release|Any CPU
		{75F0E2B9-B80B-4BE9-A8A5-E004B84DEAC6}.Release|Any CPU.Build.0 = Release|Any CPU
		{D4B797E6-7022-46B5-BD7C-AC4261946659}.Debug|Any CPU.ActiveCfg = Debug|Any CPU
		{D4B797E6-7022-46B5-BD7C-AC4261946659}.Debug|Any CPU.Build.0 = Debug|Any CPU
		{D4B797E6-7022-46B5-BD7C-AC4261946659}.Release|Any CPU.ActiveCfg = Release|Any CPU
		{D4B797E6-7022-46B5-BD7C-AC4261946659}.Release|Any CPU.Build.0 = Release|Any CPU
		{72E4A061-CE7B-4DD3-AE07-5C564C95B7FA}.Debug|Any CPU.ActiveCfg = Debug|Any CPU
		{72E4A061-CE7B-4DD3-AE07-5C564C95B7FA}.Debug|Any CPU.Build.0 = Debug|Any CPU
		{72E4A061-CE7B-4DD3-AE07-5C564C95B7FA}.Release|Any CPU.ActiveCfg = Release|Any CPU
		{72E4A061-CE7B-4DD3-AE07-5C564C95B7FA}.Release|Any CPU.Build.0 = Release|Any CPU
		{87720C0C-405E-4E2F-A87C-F8F187FAFA1E}.Debug|Any CPU.ActiveCfg = Debug|Any CPU
		{87720C0C-405E-4E2F-A87C-F8F187FAFA1E}.Debug|Any CPU.Build.0 = Debug|Any CPU
		{87720C0C-405E-4E2F-A87C-F8F187FAFA1E}.Release|Any CPU.ActiveCfg = Release|Any CPU
		{87720C0C-405E-4E2F-A87C-F8F187FAFA1E}.Release|Any CPU.Build.0 = Release|Any CPU
		{45D0EA0C-0321-44FA-A71C-AD8981B2D195}.Debug|Any CPU.ActiveCfg = Debug|Any CPU
		{45D0EA0C-0321-44FA-A71C-AD8981B2D195}.Debug|Any CPU.Build.0 = Debug|Any CPU
		{45D0EA0C-0321-44FA-A71C-AD8981B2D195}.Release|Any CPU.ActiveCfg = Release|Any CPU
		{45D0EA0C-0321-44FA-A71C-AD8981B2D195}.Release|Any CPU.Build.0 = Release|Any CPU
		{EF78C6EA-1B96-4690-9CD8-8710BADB2137}.Debug|Any CPU.ActiveCfg = Debug|Any CPU
		{EF78C6EA-1B96-4690-9CD8-8710BADB2137}.Debug|Any CPU.Build.0 = Debug|Any CPU
		{EF78C6EA-1B96-4690-9CD8-8710BADB2137}.Release|Any CPU.ActiveCfg = Release|Any CPU
		{EF78C6EA-1B96-4690-9CD8-8710BADB2137}.Release|Any CPU.Build.0 = Release|Any CPU
		{AA34297E-7BC3-4FAF-9D9D-873B1E727E3B}.Debug|Any CPU.ActiveCfg = Debug|Any CPU
		{AA34297E-7BC3-4FAF-9D9D-873B1E727E3B}.Debug|Any CPU.Build.0 = Debug|Any CPU
		{AA34297E-7BC3-4FAF-9D9D-873B1E727E3B}.Release|Any CPU.ActiveCfg = Release|Any CPU
		{AA34297E-7BC3-4FAF-9D9D-873B1E727E3B}.Release|Any CPU.Build.0 = Release|Any CPU
		{E516B493-47F6-4886-8F61-ADDEBD181E0B}.Debug|Any CPU.ActiveCfg = Debug|Any CPU
		{E516B493-47F6-4886-8F61-ADDEBD181E0B}.Debug|Any CPU.Build.0 = Debug|Any CPU
		{E516B493-47F6-4886-8F61-ADDEBD181E0B}.Release|Any CPU.ActiveCfg = Release|Any CPU
		{E516B493-47F6-4886-8F61-ADDEBD181E0B}.Release|Any CPU.Build.0 = Release|Any CPU
		{CA0C586E-93F9-4451-8A1D-D7596CAE9CF8}.Debug|Any CPU.ActiveCfg = Debug|Any CPU
		{CA0C586E-93F9-4451-8A1D-D7596CAE9CF8}.Debug|Any CPU.Build.0 = Debug|Any CPU
		{CA0C586E-93F9-4451-8A1D-D7596CAE9CF8}.Release|Any CPU.ActiveCfg = Release|Any CPU
		{CA0C586E-93F9-4451-8A1D-D7596CAE9CF8}.Release|Any CPU.Build.0 = Release|Any CPU
		{50457F05-B2E5-4238-B1D3-E1A76BCE5D4B}.Debug|Any CPU.ActiveCfg = Debug|Any CPU
		{50457F05-B2E5-4238-B1D3-E1A76BCE5D4B}.Debug|Any CPU.Build.0 = Debug|Any CPU
		{50457F05-B2E5-4238-B1D3-E1A76BCE5D4B}.Release|Any CPU.ActiveCfg = Release|Any CPU
		{50457F05-B2E5-4238-B1D3-E1A76BCE5D4B}.Release|Any CPU.Build.0 = Release|Any CPU
		{657DC06F-946C-443E-ABA5-EE22F44211B6}.Debug|Any CPU.ActiveCfg = Debug|Any CPU
		{657DC06F-946C-443E-ABA5-EE22F44211B6}.Debug|Any CPU.Build.0 = Debug|Any CPU
		{657DC06F-946C-443E-ABA5-EE22F44211B6}.Release|Any CPU.ActiveCfg = Release|Any CPU
		{657DC06F-946C-443E-ABA5-EE22F44211B6}.Release|Any CPU.Build.0 = Release|Any CPU
	EndGlobalSection
	GlobalSection(SolutionProperties) = preSolution
		HideSolutionNode = FALSE
	EndGlobalSection
	GlobalSection(NestedProjects) = preSolution
		{76E1091D-6229-4E92-ADC8-F8F94D5F4FA1} = {6E1EE1A1-E92D-4443-AF62-10119A2B6AB3}
		{A063DFBC-DD6C-4196-B595-63666FA34BA9} = {76E1091D-6229-4E92-ADC8-F8F94D5F4FA1}
		{6C7D1130-315A-412C-B4EC-88835E4D51C7} = {76E1091D-6229-4E92-ADC8-F8F94D5F4FA1}
		{28F98A7A-49BA-4399-A040-C45C439A790E} = {76E1091D-6229-4E92-ADC8-F8F94D5F4FA1}
		{6D4BC6AC-0120-470C-B6A9-7AB43717092D} = {76E1091D-6229-4E92-ADC8-F8F94D5F4FA1}
		{1D8D9729-A4BC-4F65-985D-0BDEB07AD90D} = {6C7D1130-315A-412C-B4EC-88835E4D51C7}
		{B99068E1-8995-4125-AD63-D2DE5E70255D} = {A063DFBC-DD6C-4196-B595-63666FA34BA9}
		{75F0E2B9-B80B-4BE9-A8A5-E004B84DEAC6} = {A063DFBC-DD6C-4196-B595-63666FA34BA9}
		{D4B797E6-7022-46B5-BD7C-AC4261946659} = {A063DFBC-DD6C-4196-B595-63666FA34BA9}
		{72E4A061-CE7B-4DD3-AE07-5C564C95B7FA} = {A063DFBC-DD6C-4196-B595-63666FA34BA9}
		{87720C0C-405E-4E2F-A87C-F8F187FAFA1E} = {6C7D1130-315A-412C-B4EC-88835E4D51C7}
		{45D0EA0C-0321-44FA-A71C-AD8981B2D195} = {28F98A7A-49BA-4399-A040-C45C439A790E}
		{EF78C6EA-1B96-4690-9CD8-8710BADB2137} = {28F98A7A-49BA-4399-A040-C45C439A790E}
		{AA34297E-7BC3-4FAF-9D9D-873B1E727E3B} = {28F98A7A-49BA-4399-A040-C45C439A790E}
		{E516B493-47F6-4886-8F61-ADDEBD181E0B} = {6C7D1130-315A-412C-B4EC-88835E4D51C7}
		{CA0C586E-93F9-4451-8A1D-D7596CAE9CF8} = {6C7D1130-315A-412C-B4EC-88835E4D51C7}
		{50457F05-B2E5-4238-B1D3-E1A76BCE5D4B} = {28F98A7A-49BA-4399-A040-C45C439A790E}
		{657DC06F-946C-443E-ABA5-EE22F44211B6} = {28F98A7A-49BA-4399-A040-C45C439A790E}
	EndGlobalSection
	GlobalSection(ExtensibilityGlobals) = postSolution
		SolutionGuid = {299D562A-89A6-4208-AF36-A7EB02FB1BE9}
	EndGlobalSection
EndGlobal
